
Microsoft Visual Studio Solution File, Format Version 12.00
# Visual Studio 2012
Project("{FAE04EC0-301F-11D3-BF4B-00C04F79EFBC}") = "Q1-Calculator", "Q1-Calculator\Q1-Calculator.csproj", "{EE726DAA-22B8-4B82-99AD-EAB44AC6DE89}"
EndProject
Global
	GlobalSection(SolutionConfigurationPlatforms) = preSolution
		Debug|Any CPU = Debug|Any CPU
		Release|Any CPU = Release|Any CPU
	EndGlobalSection
	GlobalSection(ProjectConfigurationPlatforms) = postSolution
		{EE726DAA-22B8-4B82-99AD-EAB44AC6DE89}.Debug|Any CPU.ActiveCfg = Debug|Any CPU
		{EE726DAA-22B8-4B82-99AD-EAB44AC6DE89}.Debug|Any CPU.Build.0 = Debug|Any CPU
		{EE726DAA-22B8-4B82-99AD-EAB44AC6DE89}.Release|Any CPU.ActiveCfg = Release|Any CPU
		{EE726DAA-22B8-4B82-99AD-EAB44AC6DE89}.Release|Any CPU.Build.0 = Release|Any CPU
	EndGlobalSection
	GlobalSection(SolutionProperties) = preSolution
		HideSolutionNode = FALSE
	EndGlobalSection
EndGlobal
